
Microsoft Visual Studio Solution File, Format Version 12.00
# Visual Studio 2012
Project("{FAE04EC0-301F-11D3-BF4B-00C04F79EFBC}") = "Zander.Domain", "Zander.Domain\Zander.Domain.csproj", "{36875E09-D758-43FD-BD07-698182EF6F9F}"
EndProject
Project("{FAE04EC0-301F-11D3-BF4B-00C04F79EFBC}") = "Zander.UnitTests", "Zander.UnitTests\Zander.UnitTests.csproj", "{09C906C8-715C-41E0-BA37-B6D632FB94AA}"
EndProject
Project("{FAE04EC0-301F-11D3-BF4B-00C04F79EFBC}") = "Provider.Net.Sockets", "Provider\Net\Provider.Net.Sockets\Provider.Net.Sockets.csproj", "{A37346C3-B2BC-4682-B298-A2DA7BA3869F}"
EndProject
Project("{2150E333-8FDC-42A3-9474-1A3956D46DE8}") = "Provider", "Provider", "{8F39A304-CFB1-4216-8B92-DD7BD05E1A96}"
EndProject
Project("{2150E333-8FDC-42A3-9474-1A3956D46DE8}") = "Net", "Net", "{AF7C2C09-52BD-48A2-A3FD-927DC76C4DAF}"
EndProject
Project("{2150E333-8FDC-42A3-9474-1A3956D46DE8}") = "Presentation", "Presentation", "{0189334C-06B1-4EDA-A483-993236F30635}"
EndProject
Project("{2150E333-8FDC-42A3-9474-1A3956D46DE8}") = "WPF", "WPF", "{602AEE5C-B986-4FCE-8258-9F66E77936FB}"
EndProject
Project("{FAE04EC0-301F-11D3-BF4B-00C04F79EFBC}") = "Zander", "Presentation\WPF\Zander\Zander.csproj", "{8D1BBA7D-7988-4B57-BCA5-2BBFBED2B92B}"
EndProject
Project("{2150E333-8FDC-42A3-9474-1A3956D46DE8}") = "Modules", "Modules", "{02F19CF8-B617-48E8-B51D-793A4AE97EDE}"
EndProject
Project("{FAE04EC0-301F-11D3-BF4B-00C04F79EFBC}") = "Zander.Infrastructure", "Presentation\WPF\Infrastructure\Zander.Infrastructure.csproj", "{EA8B7577-6944-4AC5-B0B6-624A52AA18B7}"
EndProject
Project("{FAE04EC0-301F-11D3-BF4B-00C04F79EFBC}") = "MenuBar", "Presentation\WPF\Modules\MenuBar\MenuBar.csproj", "{D34E3825-D747-492D-A44A-CAD7769920ED}"
EndProject
Global
	GlobalSection(SolutionConfigurationPlatforms) = preSolution
		Debug|Any CPU = Debug|Any CPU
		Debug|Mixed Platforms = Debug|Mixed Platforms
		Debug|x86 = Debug|x86
		Release|Any CPU = Release|Any CPU
		Release|Mixed Platforms = Release|Mixed Platforms
		Release|x86 = Release|x86
	EndGlobalSection
	GlobalSection(ProjectConfigurationPlatforms) = postSolution
		{36875E09-D758-43FD-BD07-698182EF6F9F}.Debug|Any CPU.ActiveCfg = Debug|Any CPU
		{36875E09-D758-43FD-BD07-698182EF6F9F}.Debug|Any CPU.Build.0 = Debug|Any CPU
		{36875E09-D758-43FD-BD07-698182EF6F9F}.Debug|Mixed Platforms.ActiveCfg = Debug|x86
		{36875E09-D758-43FD-BD07-698182EF6F9F}.Debug|Mixed Platforms.Build.0 = Debug|x86
		{36875E09-D758-43FD-BD07-698182EF6F9F}.Debug|x86.ActiveCfg = Debug|x86
		{36875E09-D758-43FD-BD07-698182EF6F9F}.Debug|x86.Build.0 = Debug|x86
		{36875E09-D758-43FD-BD07-698182EF6F9F}.Release|Any CPU.ActiveCfg = Release|Any CPU
		{36875E09-D758-43FD-BD07-698182EF6F9F}.Release|Any CPU.Build.0 = Release|Any CPU
		{36875E09-D758-43FD-BD07-698182EF6F9F}.Release|Mixed Platforms.ActiveCfg = Release|x86
		{36875E09-D758-43FD-BD07-698182EF6F9F}.Release|Mixed Platforms.Build.0 = Release|x86
		{36875E09-D758-43FD-BD07-698182EF6F9F}.Release|x86.ActiveCfg = Release|x86
		{36875E09-D758-43FD-BD07-698182EF6F9F}.Release|x86.Build.0 = Release|x86
		{09C906C8-715C-41E0-BA37-B6D632FB94AA}.Debug|Any CPU.ActiveCfg = Debug|Any CPU
		{09C906C8-715C-41E0-BA37-B6D632FB94AA}.Debug|Any CPU.Build.0 = Debug|Any CPU
		{09C906C8-715C-41E0-BA37-B6D632FB94AA}.Debug|Mixed Platforms.ActiveCfg = Debug|x86
		{09C906C8-715C-41E0-BA37-B6D632FB94AA}.Debug|Mixed Platforms.Build.0 = Debug|x86
		{09C906C8-715C-41E0-BA37-B6D632FB94AA}.Debug|x86.ActiveCfg = Debug|x86
		{09C906C8-715C-41E0-BA37-B6D632FB94AA}.Debug|x86.Build.0 = Debug|x86
		{09C906C8-715C-41E0-BA37-B6D632FB94AA}.Release|Any CPU.ActiveCfg = Release|Any CPU
		{09C906C8-715C-41E0-BA37-B6D632FB94AA}.Release|Any CPU.Build.0 = Release|Any CPU
		{09C906C8-715C-41E0-BA37-B6D632FB94AA}.Release|Mixed Platforms.ActiveCfg = Release|x86
		{09C906C8-715C-41E0-BA37-B6D632FB94AA}.Release|Mixed Platforms.Build.0 = Release|x86
		{09C906C8-715C-41E0-BA37-B6D632FB94AA}.Release|x86.ActiveCfg = Release|x86
		{09C906C8-715C-41E0-BA37-B6D632FB94AA}.Release|x86.Build.0 = Release|x86
		{A37346C3-B2BC-4682-B298-A2DA7BA3869F}.Debug|Any CPU.ActiveCfg = Debug|Any CPU
		{A37346C3-B2BC-4682-B298-A2DA7BA3869F}.Debug|Any CPU.Build.0 = Debug|Any CPU
		{A37346C3-B2BC-4682-B298-A2DA7BA3869F}.Debug|Mixed Platforms.ActiveCfg = Debug|x86
		{A37346C3-B2BC-4682-B298-A2DA7BA3869F}.Debug|Mixed Platforms.Build.0 = Debug|x86
		{A37346C3-B2BC-4682-B298-A2DA7BA3869F}.Debug|x86.ActiveCfg = Debug|x86
		{A37346C3-B2BC-4682-B298-A2DA7BA3869F}.Debug|x86.Build.0 = Debug|x86
		{A37346C3-B2BC-4682-B298-A2DA7BA3869F}.Release|Any CPU.ActiveCfg = Release|Any CPU
		{A37346C3-B2BC-4682-B298-A2DA7BA3869F}.Release|Any CPU.Build.0 = Release|Any CPU
		{A37346C3-B2BC-4682-B298-A2DA7BA3869F}.Release|Mixed Platforms.ActiveCfg = Release|x86
		{A37346C3-B2BC-4682-B298-A2DA7BA3869F}.Release|Mixed Platforms.Build.0 = Release|x86
		{A37346C3-B2BC-4682-B298-A2DA7BA3869F}.Release|x86.ActiveCfg = Release|x86
		{A37346C3-B2BC-4682-B298-A2DA7BA3869F}.Release|x86.Build.0 = Release|x86
		{8D1BBA7D-7988-4B57-BCA5-2BBFBED2B92B}.Debug|Any CPU.ActiveCfg = Debug|Any CPU
		{8D1BBA7D-7988-4B57-BCA5-2BBFBED2B92B}.Debug|Any CPU.Build.0 = Debug|Any CPU
		{8D1BBA7D-7988-4B57-BCA5-2BBFBED2B92B}.Debug|Mixed Platforms.ActiveCfg = Debug|Any CPU
		{8D1BBA7D-7988-4B57-BCA5-2BBFBED2B92B}.Debug|Mixed Platforms.Build.0 = Debug|Any CPU
		{8D1BBA7D-7988-4B57-BCA5-2BBFBED2B92B}.Debug|x86.ActiveCfg = Debug|Any CPU
		{8D1BBA7D-7988-4B57-BCA5-2BBFBED2B92B}.Release|Any CPU.ActiveCfg = Release|Any CPU
		{8D1BBA7D-7988-4B57-BCA5-2BBFBED2B92B}.Release|Any CPU.Build.0 = Release|Any CPU
		{8D1BBA7D-7988-4B57-BCA5-2BBFBED2B92B}.Release|Mixed Platforms.ActiveCfg = Release|Any CPU
		{8D1BBA7D-7988-4B57-BCA5-2BBFBED2B92B}.Release|Mixed Platforms.Build.0 = Release|Any CPU
		{8D1BBA7D-7988-4B57-BCA5-2BBFBED2B92B}.Release|x86.ActiveCfg = Release|Any CPU
		{EA8B7577-6944-4AC5-B0B6-624A52AA18B7}.Debug|Any CPU.ActiveCfg = Debug|Any CPU
		{EA8B7577-6944-4AC5-B0B6-624A52AA18B7}.Debug|Any CPU.Build.0 = Debug|Any CPU
		{EA8B7577-6944-4AC5-B0B6-624A52AA18B7}.Debug|Mixed Platforms.ActiveCfg = Debug|Any CPU
		{EA8B7577-6944-4AC5-B0B6-624A52AA18B7}.Debug|Mixed Platforms.Build.0 = Debug|Any CPU
		{EA8B7577-6944-4AC5-B0B6-624A52AA18B7}.Debug|x86.ActiveCfg = Debug|Any CPU
		{EA8B7577-6944-4AC5-B0B6-624A52AA18B7}.Release|Any CPU.ActiveCfg = Release|Any CPU
		{EA8B7577-6944-4AC5-B0B6-624A52AA18B7}.Release|Any CPU.Build.0 = Release|Any CPU
		{EA8B7577-6944-4AC5-B0B6-624A52AA18B7}.Release|Mixed Platforms.ActiveCfg = Release|Any CPU
		{EA8B7577-6944-4AC5-B0B6-624A52AA18B7}.Release|Mixed Platforms.Build.0 = Release|Any CPU
		{EA8B7577-6944-4AC5-B0B6-624A52AA18B7}.Release|x86.ActiveCfg = Release|Any CPU
		{D34E3825-D747-492D-A44A-CAD7769920ED}.Debug|Any CPU.ActiveCfg = Debug|Any CPU
		{D34E3825-D747-492D-A44A-CAD7769920ED}.Debug|Any CPU.Build.0 = Debug|Any CPU
		{D34E3825-D747-492D-A44A-CAD7769920ED}.Debug|Mixed Platforms.ActiveCfg = Debug|Any CPU
		{D34E3825-D747-492D-A44A-CAD7769920ED}.Debug|Mixed Platforms.Build.0 = Debug|Any CPU
		{D34E3825-D747-492D-A44A-CAD7769920ED}.Debug|x86.ActiveCfg = Debug|Any CPU
		{D34E3825-D747-492D-A44A-CAD7769920ED}.Release|Any CPU.ActiveCfg = Release|Any CPU
		{D34E3825-D747-492D-A44A-CAD7769920ED}.Release|Any CPU.Build.0 = Release|Any CPU
		{D34E3825-D747-492D-A44A-CAD7769920ED}.Release|Mixed Platforms.ActiveCfg = Release|Any CPU
		{D34E3825-D747-492D-A44A-CAD7769920ED}.Release|Mixed Platforms.Build.0 = Release|Any CPU
		{D34E3825-D747-492D-A44A-CAD7769920ED}.Release|x86.ActiveCfg = Release|Any CPU
	EndGlobalSection
	GlobalSection(SolutionProperties) = preSolution
		HideSolutionNode = FALSE
	EndGlobalSection
	GlobalSection(NestedProjects) = preSolution
		{AF7C2C09-52BD-48A2-A3FD-927DC76C4DAF} = {8F39A304-CFB1-4216-8B92-DD7BD05E1A96}
		{A37346C3-B2BC-4682-B298-A2DA7BA3869F} = {AF7C2C09-52BD-48A2-A3FD-927DC76C4DAF}
		{602AEE5C-B986-4FCE-8258-9F66E77936FB} = {0189334C-06B1-4EDA-A483-993236F30635}
		{8D1BBA7D-7988-4B57-BCA5-2BBFBED2B92B} = {602AEE5C-B986-4FCE-8258-9F66E77936FB}
		{02F19CF8-B617-48E8-B51D-793A4AE97EDE} = {602AEE5C-B986-4FCE-8258-9F66E77936FB}
		{EA8B7577-6944-4AC5-B0B6-624A52AA18B7} = {602AEE5C-B986-4FCE-8258-9F66E77936FB}
		{D34E3825-D747-492D-A44A-CAD7769920ED} = {02F19CF8-B617-48E8-B51D-793A4AE97EDE}
	EndGlobalSection
	GlobalSection(ExtensibilityGlobals) = postSolution
		EnterpriseLibraryConfigurationToolBinariesPath = packages\Unity.2.1.505.2\lib\NET35
	EndGlobalSection
EndGlobal
