
Microsoft Visual Studio Solution File, Format Version 12.00
# Visual Studio 2012
Project("{FAE04EC0-301F-11D3-BF4B-00C04F79EFBC}") = "Zander.Domain", "Zander.Domain\Zander.Domain.csproj", "{36875E09-D758-43FD-BD07-698182EF6F9F}"
EndProject
Project("{FAE04EC0-301F-11D3-BF4B-00C04F79EFBC}") = "Zander.UnitTests", "Zander.UnitTests\Zander.UnitTests.csproj", "{09C906C8-715C-41E0-BA37-B6D632FB94AA}"
EndProject
Project("{FAE04EC0-301F-11D3-BF4B-00C04F79EFBC}") = "Provider.Net.Sockets", "Provider\Net\Provider.Net.Sockets\Provider.Net.Sockets.csproj", "{A37346C3-B2BC-4682-B298-A2DA7BA3869F}"
EndProject
Project("{2150E333-8FDC-42A3-9474-1A3956D46DE8}") = "Provider", "Provider", "{8F39A304-CFB1-4216-8B92-DD7BD05E1A96}"
EndProject
Project("{2150E333-8FDC-42A3-9474-1A3956D46DE8}") = "Net", "Net", "{AF7C2C09-52BD-48A2-A3FD-927DC76C4DAF}"
EndProject
Global
	GlobalSection(SolutionConfigurationPlatforms) = preSolution
		Debug|Any CPU = Debug|Any CPU
		Release|Any CPU = Release|Any CPU
	EndGlobalSection
	GlobalSection(ProjectConfigurationPlatforms) = postSolution
		{36875E09-D758-43FD-BD07-698182EF6F9F}.Debug|Any CPU.ActiveCfg = Debug|Any CPU
		{36875E09-D758-43FD-BD07-698182EF6F9F}.Debug|Any CPU.Build.0 = Debug|Any CPU
		{36875E09-D758-43FD-BD07-698182EF6F9F}.Release|Any CPU.ActiveCfg = Release|Any CPU
		{36875E09-D758-43FD-BD07-698182EF6F9F}.Release|Any CPU.Build.0 = Release|Any CPU
		{09C906C8-715C-41E0-BA37-B6D632FB94AA}.Debug|Any CPU.ActiveCfg = Debug|Any CPU
		{09C906C8-715C-41E0-BA37-B6D632FB94AA}.Debug|Any CPU.Build.0 = Debug|Any CPU
		{09C906C8-715C-41E0-BA37-B6D632FB94AA}.Release|Any CPU.ActiveCfg = Release|Any CPU
		{09C906C8-715C-41E0-BA37-B6D632FB94AA}.Release|Any CPU.Build.0 = Release|Any CPU
		{A37346C3-B2BC-4682-B298-A2DA7BA3869F}.Debug|Any CPU.ActiveCfg = Debug|Any CPU
		{A37346C3-B2BC-4682-B298-A2DA7BA3869F}.Debug|Any CPU.Build.0 = Debug|Any CPU
		{A37346C3-B2BC-4682-B298-A2DA7BA3869F}.Release|Any CPU.ActiveCfg = Release|Any CPU
		{A37346C3-B2BC-4682-B298-A2DA7BA3869F}.Release|Any CPU.Build.0 = Release|Any CPU
	EndGlobalSection
	GlobalSection(SolutionProperties) = preSolution
		HideSolutionNode = FALSE
	EndGlobalSection
	GlobalSection(NestedProjects) = preSolution
		{AF7C2C09-52BD-48A2-A3FD-927DC76C4DAF} = {8F39A304-CFB1-4216-8B92-DD7BD05E1A96}
		{A37346C3-B2BC-4682-B298-A2DA7BA3869F} = {AF7C2C09-52BD-48A2-A3FD-927DC76C4DAF}
	EndGlobalSection
EndGlobal
